{
  "lockfileVersion": 1,
  "workspaces": {
    "": {
      "name": "waikikitattoos-site",
      "devDependencies": {
        "tailwindcss": "^4.1.11",
      },
    },
  },
  "packages": {
    "tailwindcss": ["tailwindcss@4.1.11", "", {}, "sha512-2E9TBm6MDD/xKYe+dvJZAmg3yxIEDNRc0jwlNyDg/4Fil2QcSLjFKGVff0lAf1jjeaArlG/M75Ey/EYr/OJtBA=="],
  }
}
